
Microsoft Visual Studio Solution File, Format Version 12.00
# Visual Studio Version 17
VisualStudioVersion = 17.3.32922.545
MinimumVisualStudioVersion = 10.0.40219.1
Project("{9A19103F-16F7-4668-BE54-9A1E7A4F7556}") = "Business", "Business\Business.csproj", "{1767FDB5-AA0A-45EE-83F8-D5F247585F3C}"
EndProject
Project("{9A19103F-16F7-4668-BE54-9A1E7A4F7556}") = "DataAccess", "DataAccess\DataAccess.csproj", "{EEDA92DA-6C2E-4495-8F45-CF7D8CDBF705}"
EndProject
Project("{9A19103F-16F7-4668-BE54-9A1E7A4F7556}") = "Entities", "Entities\Entities.csproj", "{6116DEAB-CD69-446D-B7D9-DBE01AD66067}"
EndProject
Project("{9A19103F-16F7-4668-BE54-9A1E7A4F7556}") = "ConsoleUI", "ConsoleUI\ConsoleUI.csproj", "{6BD65C45-A90E-4031-88F8-B5054890CAAE}"
EndProject
Project("{9A19103F-16F7-4668-BE54-9A1E7A4F7556}") = "Core", "Core\Core.csproj", "{FF9154B6-E60E-49B2-B643-60E57A7CE939}"
EndProject
Project("{FAE04EC0-301F-11D3-BF4B-00C04F79EFBC}") = "WebAPI", "WebAPI\WebAPI.csproj", "{3D8A3C58-2365-40DA-B3E9-3C5893E4ABB6}"
EndProject
Global
	GlobalSection(SolutionConfigurationPlatforms) = preSolution
		Debug|Any CPU = Debug|Any CPU
		Release|Any CPU = Release|Any CPU
	EndGlobalSection
	GlobalSection(ProjectConfigurationPlatforms) = postSolution
		{1767FDB5-AA0A-45EE-83F8-D5F247585F3C}.Debug|Any CPU.ActiveCfg = Debug|Any CPU
		{1767FDB5-AA0A-45EE-83F8-D5F247585F3C}.Debug|Any CPU.Build.0 = Debug|Any CPU
		{1767FDB5-AA0A-45EE-83F8-D5F247585F3C}.Release|Any CPU.ActiveCfg = Release|Any CPU
		{1767FDB5-AA0A-45EE-83F8-D5F247585F3C}.Release|Any CPU.Build.0 = Release|Any CPU
		{EEDA92DA-6C2E-4495-8F45-CF7D8CDBF705}.Debug|Any CPU.ActiveCfg = Debug|Any CPU
		{EEDA92DA-6C2E-4495-8F45-CF7D8CDBF705}.Debug|Any CPU.Build.0 = Debug|Any CPU
		{EEDA92DA-6C2E-4495-8F45-CF7D8CDBF705}.Release|Any CPU.ActiveCfg = Release|Any CPU
		{EEDA92DA-6C2E-4495-8F45-CF7D8CDBF705}.Release|Any CPU.Build.0 = Release|Any CPU
		{6116DEAB-CD69-446D-B7D9-DBE01AD66067}.Debug|Any CPU.ActiveCfg = Debug|Any CPU
		{6116DEAB-CD69-446D-B7D9-DBE01AD66067}.Debug|Any CPU.Build.0 = Debug|Any CPU
		{6116DEAB-CD69-446D-B7D9-DBE01AD66067}.Release|Any CPU.ActiveCfg = Release|Any CPU
		{6116DEAB-CD69-446D-B7D9-DBE01AD66067}.Release|Any CPU.Build.0 = Release|Any CPU
		{6BD65C45-A90E-4031-88F8-B5054890CAAE}.Debug|Any CPU.ActiveCfg = Debug|Any CPU
		{6BD65C45-A90E-4031-88F8-B5054890CAAE}.Debug|Any CPU.Build.0 = Debug|Any CPU
		{6BD65C45-A90E-4031-88F8-B5054890CAAE}.Release|Any CPU.ActiveCfg = Release|Any CPU
		{6BD65C45-A90E-4031-88F8-B5054890CAAE}.Release|Any CPU.Build.0 = Release|Any CPU
		{FF9154B6-E60E-49B2-B643-60E57A7CE939}.Debug|Any CPU.ActiveCfg = Debug|Any CPU
		{FF9154B6-E60E-49B2-B643-60E57A7CE939}.Debug|Any CPU.Build.0 = Debug|Any CPU
		{FF9154B6-E60E-49B2-B643-60E57A7CE939}.Release|Any CPU.ActiveCfg = Release|Any CPU
		{FF9154B6-E60E-49B2-B643-60E57A7CE939}.Release|Any CPU.Build.0 = Release|Any CPU
		{3D8A3C58-2365-40DA-B3E9-3C5893E4ABB6}.Debug|Any CPU.ActiveCfg = Debug|Any CPU
		{3D8A3C58-2365-40DA-B3E9-3C5893E4ABB6}.Debug|Any CPU.Build.0 = Debug|Any CPU
		{3D8A3C58-2365-40DA-B3E9-3C5893E4ABB6}.Release|Any CPU.ActiveCfg = Release|Any CPU
		{3D8A3C58-2365-40DA-B3E9-3C5893E4ABB6}.Release|Any CPU.Build.0 = Release|Any CPU
	EndGlobalSection
	GlobalSection(SolutionProperties) = preSolution
		HideSolutionNode = FALSE
	EndGlobalSection
	GlobalSection(ExtensibilityGlobals) = postSolution
		SolutionGuid = {000F2A0B-4982-491D-87FD-F6610C485850}
	EndGlobalSection
EndGlobal
